
Microsoft Visual Studio Solution File, Format Version 12.00
# Visual Studio Version 16
VisualStudioVersion = 16.0.30804.86
MinimumVisualStudioVersion = 10.0.40219.1
Project("{9A19103F-16F7-4668-BE54-9A1E7A4F7556}") = "AuthenticationWithJWT", "AuthenticationWithJWT\AuthenticationWithJWT.csproj", "{34431EAB-F02D-4C06-8833-535DBEEE8089}"
EndProject
Project("{FAE04EC0-301F-11D3-BF4B-00C04F79EFBC}") = "OcelotDemo", "OcelotDemo\OcelotDemo.csproj", "{A3A3AEB1-37AE-4C20-B214-35F573C3ED90}"
EndProject
Project("{FAE04EC0-301F-11D3-BF4B-00C04F79EFBC}") = "WebApplication1", "WebApplication1\WebApplication1.csproj", "{C36D4AFA-5003-451C-8F56-6D13E6C61A88}"
EndProject
Global
	GlobalSection(SolutionConfigurationPlatforms) = preSolution
		Debug|Any CPU = Debug|Any CPU
		Release|Any CPU = Release|Any CPU
	EndGlobalSection
	GlobalSection(ProjectConfigurationPlatforms) = postSolution
		{34431EAB-F02D-4C06-8833-535DBEEE8089}.Debug|Any CPU.ActiveCfg = Debug|Any CPU
		{34431EAB-F02D-4C06-8833-535DBEEE8089}.Debug|Any CPU.Build.0 = Debug|Any CPU
		{34431EAB-F02D-4C06-8833-535DBEEE8089}.Release|Any CPU.ActiveCfg = Release|Any CPU
		{34431EAB-F02D-4C06-8833-535DBEEE8089}.Release|Any CPU.Build.0 = Release|Any CPU
		{A3A3AEB1-37AE-4C20-B214-35F573C3ED90}.Debug|Any CPU.ActiveCfg = Debug|Any CPU
		{A3A3AEB1-37AE-4C20-B214-35F573C3ED90}.Debug|Any CPU.Build.0 = Debug|Any CPU
		{A3A3AEB1-37AE-4C20-B214-35F573C3ED90}.Release|Any CPU.ActiveCfg = Release|Any CPU
		{A3A3AEB1-37AE-4C20-B214-35F573C3ED90}.Release|Any CPU.Build.0 = Release|Any CPU
		{C36D4AFA-5003-451C-8F56-6D13E6C61A88}.Debug|Any CPU.ActiveCfg = Debug|Any CPU
		{C36D4AFA-5003-451C-8F56-6D13E6C61A88}.Debug|Any CPU.Build.0 = Debug|Any CPU
		{C36D4AFA-5003-451C-8F56-6D13E6C61A88}.Release|Any CPU.ActiveCfg = Release|Any CPU
		{C36D4AFA-5003-451C-8F56-6D13E6C61A88}.Release|Any CPU.Build.0 = Release|Any CPU
	EndGlobalSection
	GlobalSection(SolutionProperties) = preSolution
		HideSolutionNode = FALSE
	EndGlobalSection
	GlobalSection(ExtensibilityGlobals) = postSolution
		SolutionGuid = {9D1F77FD-05CF-4FC9-90A8-27AFDB398FF6}
	EndGlobalSection
EndGlobal
